<?xml version="1.0" encoding="utf-8"?>
<Project ToolsVersion="4.0" xmlns="http://schemas.microsoft.com/developer/msbuild/2003">
  <ItemGroup>
    <Filter Include="Source">
      <UniqueIdentifier>{4FC737F1-C7A5-4376-A066-2A32D752A2FF}</UniqueIdentifier>
      <Extensions>cpp;c;cc;cxx;def;odl;idl;hpj;bat;asm;asmx</Extensions>
    </Filter>
    <Filter Include="Source\Shared">
      <UniqueIdentifier>{7b91210f-4709-4802-9082-fbd695e63c20}</UniqueIdentifier>
    </Filter>
  </ItemGroup>
  <ItemGroup>
    <ClCompile Include="..\PINT_Jolt.cpp">
      <Filter>Source</Filter>
    </ClCompile>
    <ClCompile Include="..\stdafx.cpp">
      <Filter>Source</Filter>
    </ClCompile>
    <ClCompile Include="..\..\PINT_Common\PINT_Common.cpp">
      <Filter>Source\Shared</Filter>
    </ClCompile>
    <ClCompile Include="..\..\PINT_Common\PINT_CommonShapes.cpp">
      <Filter>Source\Shared</Filter>
    </ClCompile>
    <ClCompile Include="..\..\PINT_Common\PINT_IceAllocatorSwitch.cpp">
      <Filter>Source\Shared</Filter>
    </ClCompile>
  </ItemGroup>
  <ItemGroup>
    <ClInclude Include="..\PINT_Jolt.h">
      <Filter>Source</Filter>
    </ClInclude>
    <ClInclude Include="..\stdafx.h">
      <Filter>Source</Filter>
    </ClInclude>
    <ClInclude Include="..\..\PINT_Common\PINT_Common.h">
      <Filter>Source\Shared</Filter>
    </ClInclude>
    <ClInclude Include="..\..\PINT_Common\PINT_CommonShapes.h">
      <Filter>Source\Shared</Filter>
    </ClInclude>
    <ClInclude Include="..\..\PINT_Common\PINT_Ice.h">
      <Filter>Source\Shared</Filter>
    </ClInclude>
    <ClInclude Include="..\..\PINT_Common\PINT_IceAllocatorSwitch.h">
      <Filter>Source\Shared</Filter>
    </ClInclude>
  </ItemGroup>
</Project>