
Microsoft Visual Studio Solution File, Format Version 12.00
# Visual Studio Version 17
VisualStudioVersion = 17.1.32210.238
MinimumVisualStudioVersion = 10.0.40219.1
Project("{8BC9CEB8-8B4A-11D0-8D11-00A0C91BC942}") = "PEEL", "PEEL.vcxproj", "{48F3F88D-E628-4E2E-9F22-C4D5CF8A046D}"
EndProject
Project("{8BC9CEB8-8B4A-11D0-8D11-00A0C91BC942}") = "PINT_PhysX4", "..\PINT_PhysX4\#Compiler\PINT_PhysX4.vcxproj", "{24A77E02-4737-4466-818C-2975F363AFA2}"
EndProject
Project("{8BC9CEB8-8B4A-11D0-8D11-00A0C91BC942}") = "PINT_Jolt", "..\PINT_Jolt\#Compiler\PINT_Jolt.vcxproj", "{2C254BD5-9150-49B8-9E14-9DD5A85B802C}"
	ProjectSection(ProjectDependencies) = postProject
		{09EB3EE3-71F8-37B5-AB62-7323E5EC632E} = {09EB3EE3-71F8-37B5-AB62-7323E5EC632E}
	EndProjectSection
EndProject
Project("{2150E333-8FDC-42A3-9474-1A3956D46DE8}") = "Global", "Global", "{28595B73-0E18-46D2-8879-506BF3AD710C}"
	ProjectSection(SolutionItems) = preProject
		..\..\..\.gitignore = ..\..\..\.gitignore
		..\..\..\.gitmodules = ..\..\..\.gitmodules
		..\..\..\LICENSE = ..\..\..\LICENSE
		..\..\..\README.md = ..\..\..\README.md
		..\..\..\setup.bat = ..\..\..\setup.bat
	EndProjectSection
EndProject
Project("{2150E333-8FDC-42A3-9474-1A3956D46DE8}") = "External", "External", "{0631BFCD-07A9-4F71-8A6A-91C88DAA6544}"
EndProject
Project("{8BC9CEB8-8B4A-11D0-8D11-00A0C91BC942}") = "Jolt", "..\..\Externals\JoltPhysics\Build\VS2022_CL\Jolt.vcxproj", "{09EB3EE3-71F8-37B5-AB62-7323E5EC632E}"
EndProject
Project("{2150E333-8FDC-42A3-9474-1A3956D46DE8}") = "Plugins", "Plugins", "{1B307BF3-A316-4EE9-A43C-2E20CFD84666}"
EndProject
Project("{8BC9CEB8-8B4A-11D0-8D11-00A0C91BC942}") = "FastXml", "..\..\Externals\PhysX4\physx\compiler\vc17win64\sdk_source_bin\FastXml.vcxproj", "{2FC39519-C2EA-3654-A0FD-0BF2B754F7D6}"
EndProject
Project("{8BC9CEB8-8B4A-11D0-8D11-00A0C91BC942}") = "LowLevel", "..\..\Externals\PhysX4\physx\compiler\vc17win64\sdk_source_bin\LowLevel.vcxproj", "{2B2D5D6B-04CC-3CBC-81E5-8A6C4AFEE6F2}"
EndProject
Project("{8BC9CEB8-8B4A-11D0-8D11-00A0C91BC942}") = "LowLevelAABB", "..\..\Externals\PhysX4\physx\compiler\vc17win64\sdk_source_bin\LowLevelAABB.vcxproj", "{1CDD1D11-611D-3541-86AC-EF8425A948A0}"
EndProject
Project("{8BC9CEB8-8B4A-11D0-8D11-00A0C91BC942}") = "LowLevelDynamics", "..\..\Externals\PhysX4\physx\compiler\vc17win64\sdk_source_bin\LowLevelDynamics.vcxproj", "{AB11E7DE-2C39-3C45-A446-45BAAF1AE305}"
EndProject
Project("{8BC9CEB8-8B4A-11D0-8D11-00A0C91BC942}") = "PhysX", "..\..\Externals\PhysX4\physx\compiler\vc17win64\sdk_source_bin\PhysX.vcxproj", "{8FE37F14-4D60-3009-8083-9871107A4EDF}"
EndProject
Project("{8BC9CEB8-8B4A-11D0-8D11-00A0C91BC942}") = "PhysXCharacterKinematic", "..\..\Externals\PhysX4\physx\compiler\vc17win64\sdk_source_bin\PhysXCharacterKinematic.vcxproj", "{FC2B9505-CDC1-3A71-955C-3B4E391FDCD7}"
EndProject
Project("{8BC9CEB8-8B4A-11D0-8D11-00A0C91BC942}") = "PhysXCommon", "..\..\Externals\PhysX4\physx\compiler\vc17win64\sdk_source_bin\PhysXCommon.vcxproj", "{CF03E7B6-A344-3E7C-8664-5EA249D894CF}"
EndProject
Project("{8BC9CEB8-8B4A-11D0-8D11-00A0C91BC942}") = "PhysXCooking", "..\..\Externals\PhysX4\physx\compiler\vc17win64\sdk_source_bin\PhysXCooking.vcxproj", "{C03F0F3A-9D07-30F7-98F1-7E98392980FD}"
EndProject
Project("{8BC9CEB8-8B4A-11D0-8D11-00A0C91BC942}") = "PhysXExtensions", "..\..\Externals\PhysX4\physx\compiler\vc17win64\sdk_source_bin\PhysXExtensions.vcxproj", "{243589CF-F1AA-32E9-A408-F9A0B1E0ABA0}"
EndProject
Project("{8BC9CEB8-8B4A-11D0-8D11-00A0C91BC942}") = "PhysXFoundation", "..\..\Externals\PhysX4\physx\compiler\vc17win64\sdk_source_bin\PhysXFoundation.vcxproj", "{8AE731D7-FC11-30FF-BBA5-1EDFF4AD6A48}"
EndProject
Project("{8BC9CEB8-8B4A-11D0-8D11-00A0C91BC942}") = "PhysXPvdSDK", "..\..\Externals\PhysX4\physx\compiler\vc17win64\sdk_source_bin\PhysXPvdSDK.vcxproj", "{1328B062-17EF-38B7-BB28-096A4B316E38}"
EndProject
Project("{8BC9CEB8-8B4A-11D0-8D11-00A0C91BC942}") = "PhysXTask", "..\..\Externals\PhysX4\physx\compiler\vc17win64\sdk_source_bin\PhysXTask.vcxproj", "{DC13EBB5-0806-39E7-8226-4FCE33585336}"
EndProject
Project("{8BC9CEB8-8B4A-11D0-8D11-00A0C91BC942}") = "PhysXVehicle", "..\..\Externals\PhysX4\physx\compiler\vc17win64\sdk_source_bin\PhysXVehicle.vcxproj", "{980F7501-E9E2-37F3-8620-6C6756C04EC2}"
EndProject
Project("{2150E333-8FDC-42A3-9474-1A3956D46DE8}") = "PhysX4", "PhysX4", "{8653D7E3-C37C-4BBF-8C72-65A47F70123D}"
EndProject
Project("{2150E333-8FDC-42A3-9474-1A3956D46DE8}") = "Jolt", "Jolt", "{9FC8F420-3CD9-4183-8516-AEC39C582965}"
EndProject
Project("{8BC9CEB8-8B4A-11D0-8D11-00A0C91BC942}") = "SceneQuery", "..\..\Externals\PhysX4\physx\compiler\vc17win64\sdk_source_bin\SceneQuery.vcxproj", "{A2838565-83B4-37BA-87F4-F6D748F55C47}"
EndProject
Project("{8BC9CEB8-8B4A-11D0-8D11-00A0C91BC942}") = "SimulationController", "..\..\Externals\PhysX4\physx\compiler\vc17win64\sdk_source_bin\SimulationController.vcxproj", "{2B7528E9-F7D6-368C-94BD-86A7EFB4A02B}"
EndProject
Global
	GlobalSection(SolutionConfigurationPlatforms) = preSolution
		Debug|Win32 = Debug|Win32
		Debug|x64 = Debug|x64
		Release|Win32 = Release|Win32
		Release|x64 = Release|x64
	EndGlobalSection
	GlobalSection(ProjectConfigurationPlatforms) = postSolution
		{48F3F88D-E628-4E2E-9F22-C4D5CF8A046D}.Debug|Win32.ActiveCfg = Debug|Win32
		{48F3F88D-E628-4E2E-9F22-C4D5CF8A046D}.Debug|Win32.Build.0 = Debug|Win32
		{48F3F88D-E628-4E2E-9F22-C4D5CF8A046D}.Debug|x64.ActiveCfg = Debug|x64
		{48F3F88D-E628-4E2E-9F22-C4D5CF8A046D}.Debug|x64.Build.0 = Debug|x64
		{48F3F88D-E628-4E2E-9F22-C4D5CF8A046D}.Release|Win32.ActiveCfg = Release|Win32
		{48F3F88D-E628-4E2E-9F22-C4D5CF8A046D}.Release|Win32.Build.0 = Release|Win32
		{48F3F88D-E628-4E2E-9F22-C4D5CF8A046D}.Release|x64.ActiveCfg = Release|x64
		{48F3F88D-E628-4E2E-9F22-C4D5CF8A046D}.Release|x64.Build.0 = Release|x64
		{24A77E02-4737-4466-818C-2975F363AFA2}.Debug|Win32.ActiveCfg = Debug|Win32
		{24A77E02-4737-4466-818C-2975F363AFA2}.Debug|Win32.Build.0 = Debug|Win32
		{24A77E02-4737-4466-818C-2975F363AFA2}.Debug|x64.ActiveCfg = Debug|x64
		{24A77E02-4737-4466-818C-2975F363AFA2}.Debug|x64.Build.0 = Debug|x64
		{24A77E02-4737-4466-818C-2975F363AFA2}.Release|Win32.ActiveCfg = Release|Win32
		{24A77E02-4737-4466-818C-2975F363AFA2}.Release|Win32.Build.0 = Release|Win32
		{24A77E02-4737-4466-818C-2975F363AFA2}.Release|x64.ActiveCfg = Release|x64
		{24A77E02-4737-4466-818C-2975F363AFA2}.Release|x64.Build.0 = Release|x64
		{2C254BD5-9150-49B8-9E14-9DD5A85B802C}.Debug|Win32.ActiveCfg = Debug|Win32
		{2C254BD5-9150-49B8-9E14-9DD5A85B802C}.Debug|Win32.Build.0 = Debug|Win32
		{2C254BD5-9150-49B8-9E14-9DD5A85B802C}.Debug|x64.ActiveCfg = Debug|x64
		{2C254BD5-9150-49B8-9E14-9DD5A85B802C}.Debug|x64.Build.0 = Debug|x64
		{2C254BD5-9150-49B8-9E14-9DD5A85B802C}.Release|Win32.ActiveCfg = Release|Win32
		{2C254BD5-9150-49B8-9E14-9DD5A85B802C}.Release|Win32.Build.0 = Release|Win32
		{2C254BD5-9150-49B8-9E14-9DD5A85B802C}.Release|x64.ActiveCfg = Release|x64
		{2C254BD5-9150-49B8-9E14-9DD5A85B802C}.Release|x64.Build.0 = Release|x64
		{09EB3EE3-71F8-37B5-AB62-7323E5EC632E}.Debug|Win32.ActiveCfg = Debug|x64
		{09EB3EE3-71F8-37B5-AB62-7323E5EC632E}.Debug|Win32.Build.0 = Debug|x64
		{09EB3EE3-71F8-37B5-AB62-7323E5EC632E}.Debug|x64.ActiveCfg = Debug|x64
		{09EB3EE3-71F8-37B5-AB62-7323E5EC632E}.Debug|x64.Build.0 = Debug|x64
		{09EB3EE3-71F8-37B5-AB62-7323E5EC632E}.Release|Win32.ActiveCfg = Release|x64
		{09EB3EE3-71F8-37B5-AB62-7323E5EC632E}.Release|Win32.Build.0 = Release|x64
		{09EB3EE3-71F8-37B5-AB62-7323E5EC632E}.Release|x64.ActiveCfg = Release|x64
		{09EB3EE3-71F8-37B5-AB62-7323E5EC632E}.Release|x64.Build.0 = Release|x64
		{2FC39519-C2EA-3654-A0FD-0BF2B754F7D6}.Debug|Win32.ActiveCfg = debug|x64
		{2FC39519-C2EA-3654-A0FD-0BF2B754F7D6}.Debug|Win32.Build.0 = debug|x64
		{2FC39519-C2EA-3654-A0FD-0BF2B754F7D6}.Debug|x64.ActiveCfg = debug|x64
		{2FC39519-C2EA-3654-A0FD-0BF2B754F7D6}.Debug|x64.Build.0 = debug|x64
		{2FC39519-C2EA-3654-A0FD-0BF2B754F7D6}.Release|Win32.ActiveCfg = release|x64
		{2FC39519-C2EA-3654-A0FD-0BF2B754F7D6}.Release|Win32.Build.0 = release|x64
		{2FC39519-C2EA-3654-A0FD-0BF2B754F7D6}.Release|x64.ActiveCfg = release|x64
		{2FC39519-C2EA-3654-A0FD-0BF2B754F7D6}.Release|x64.Build.0 = release|x64
		{2B2D5D6B-04CC-3CBC-81E5-8A6C4AFEE6F2}.Debug|Win32.ActiveCfg = debug|x64
		{2B2D5D6B-04CC-3CBC-81E5-8A6C4AFEE6F2}.Debug|Win32.Build.0 = debug|x64
		{2B2D5D6B-04CC-3CBC-81E5-8A6C4AFEE6F2}.Debug|x64.ActiveCfg = debug|x64
		{2B2D5D6B-04CC-3CBC-81E5-8A6C4AFEE6F2}.Debug|x64.Build.0 = debug|x64
		{2B2D5D6B-04CC-3CBC-81E5-8A6C4AFEE6F2}.Release|Win32.ActiveCfg = release|x64
		{2B2D5D6B-04CC-3CBC-81E5-8A6C4AFEE6F2}.Release|Win32.Build.0 = release|x64
		{2B2D5D6B-04CC-3CBC-81E5-8A6C4AFEE6F2}.Release|x64.ActiveCfg = release|x64
		{2B2D5D6B-04CC-3CBC-81E5-8A6C4AFEE6F2}.Release|x64.Build.0 = release|x64
		{1CDD1D11-611D-3541-86AC-EF8425A948A0}.Debug|Win32.ActiveCfg = debug|x64
		{1CDD1D11-611D-3541-86AC-EF8425A948A0}.Debug|Win32.Build.0 = debug|x64
		{1CDD1D11-611D-3541-86AC-EF8425A948A0}.Debug|x64.ActiveCfg = debug|x64
		{1CDD1D11-611D-3541-86AC-EF8425A948A0}.Debug|x64.Build.0 = debug|x64
		{1CDD1D11-611D-3541-86AC-EF8425A948A0}.Release|Win32.ActiveCfg = release|x64
		{1CDD1D11-611D-3541-86AC-EF8425A948A0}.Release|Win32.Build.0 = release|x64
		{1CDD1D11-611D-3541-86AC-EF8425A948A0}.Release|x64.ActiveCfg = release|x64
		{1CDD1D11-611D-3541-86AC-EF8425A948A0}.Release|x64.Build.0 = release|x64
		{AB11E7DE-2C39-3C45-A446-45BAAF1AE305}.Debug|Win32.ActiveCfg = debug|x64
		{AB11E7DE-2C39-3C45-A446-45BAAF1AE305}.Debug|Win32.Build.0 = debug|x64
		{AB11E7DE-2C39-3C45-A446-45BAAF1AE305}.Debug|x64.ActiveCfg = debug|x64
		{AB11E7DE-2C39-3C45-A446-45BAAF1AE305}.Debug|x64.Build.0 = debug|x64
		{AB11E7DE-2C39-3C45-A446-45BAAF1AE305}.Release|Win32.ActiveCfg = release|x64
		{AB11E7DE-2C39-3C45-A446-45BAAF1AE305}.Release|Win32.Build.0 = release|x64
		{AB11E7DE-2C39-3C45-A446-45BAAF1AE305}.Release|x64.ActiveCfg = release|x64
		{AB11E7DE-2C39-3C45-A446-45BAAF1AE305}.Release|x64.Build.0 = release|x64
		{8FE37F14-4D60-3009-8083-9871107A4EDF}.Debug|Win32.ActiveCfg = debug|x64
		{8FE37F14-4D60-3009-8083-9871107A4EDF}.Debug|Win32.Build.0 = debug|x64
		{8FE37F14-4D60-3009-8083-9871107A4EDF}.Debug|x64.ActiveCfg = debug|x64
		{8FE37F14-4D60-3009-8083-9871107A4EDF}.Debug|x64.Build.0 = debug|x64
		{8FE37F14-4D60-3009-8083-9871107A4EDF}.Release|Win32.ActiveCfg = release|x64
		{8FE37F14-4D60-3009-8083-9871107A4EDF}.Release|Win32.Build.0 = release|x64
		{8FE37F14-4D60-3009-8083-9871107A4EDF}.Release|x64.ActiveCfg = release|x64
		{8FE37F14-4D60-3009-8083-9871107A4EDF}.Release|x64.Build.0 = release|x64
		{FC2B9505-CDC1-3A71-955C-3B4E391FDCD7}.Debug|Win32.ActiveCfg = debug|x64
		{FC2B9505-CDC1-3A71-955C-3B4E391FDCD7}.Debug|Win32.Build.0 = debug|x64
		{FC2B9505-CDC1-3A71-955C-3B4E391FDCD7}.Debug|x64.ActiveCfg = debug|x64
		{FC2B9505-CDC1-3A71-955C-3B4E391FDCD7}.Debug|x64.Build.0 = debug|x64
		{FC2B9505-CDC1-3A71-955C-3B4E391FDCD7}.Release|Win32.ActiveCfg = release|x64
		{FC2B9505-CDC1-3A71-955C-3B4E391FDCD7}.Release|Win32.Build.0 = release|x64
		{FC2B9505-CDC1-3A71-955C-3B4E391FDCD7}.Release|x64.ActiveCfg = release|x64
		{FC2B9505-CDC1-3A71-955C-3B4E391FDCD7}.Release|x64.Build.0 = release|x64
		{CF03E7B6-A344-3E7C-8664-5EA249D894CF}.Debug|Win32.ActiveCfg = debug|x64
		{CF03E7B6-A344-3E7C-8664-5EA249D894CF}.Debug|Win32.Build.0 = debug|x64
		{CF03E7B6-A344-3E7C-8664-5EA249D894CF}.Debug|x64.ActiveCfg = debug|x64
		{CF03E7B6-A344-3E7C-8664-5EA249D894CF}.Debug|x64.Build.0 = debug|x64
		{CF03E7B6-A344-3E7C-8664-5EA249D894CF}.Release|Win32.ActiveCfg = release|x64
		{CF03E7B6-A344-3E7C-8664-5EA249D894CF}.Release|Win32.Build.0 = release|x64
		{CF03E7B6-A344-3E7C-8664-5EA249D894CF}.Release|x64.ActiveCfg = release|x64
		{CF03E7B6-A344-3E7C-8664-5EA249D894CF}.Release|x64.Build.0 = release|x64
		{C03F0F3A-9D07-30F7-98F1-7E98392980FD}.Debug|Win32.ActiveCfg = debug|x64
		{C03F0F3A-9D07-30F7-98F1-7E98392980FD}.Debug|Win32.Build.0 = debug|x64
		{C03F0F3A-9D07-30F7-98F1-7E98392980FD}.Debug|x64.ActiveCfg = debug|x64
		{C03F0F3A-9D07-30F7-98F1-7E98392980FD}.Debug|x64.Build.0 = debug|x64
		{C03F0F3A-9D07-30F7-98F1-7E98392980FD}.Release|Win32.ActiveCfg = release|x64
		{C03F0F3A-9D07-30F7-98F1-7E98392980FD}.Release|Win32.Build.0 = release|x64
		{C03F0F3A-9D07-30F7-98F1-7E98392980FD}.Release|x64.ActiveCfg = release|x64
		{C03F0F3A-9D07-30F7-98F1-7E98392980FD}.Release|x64.Build.0 = release|x64
		{243589CF-F1AA-32E9-A408-F9A0B1E0ABA0}.Debug|Win32.ActiveCfg = debug|x64
		{243589CF-F1AA-32E9-A408-F9A0B1E0ABA0}.Debug|Win32.Build.0 = debug|x64
		{243589CF-F1AA-32E9-A408-F9A0B1E0ABA0}.Debug|x64.ActiveCfg = debug|x64
		{243589CF-F1AA-32E9-A408-F9A0B1E0ABA0}.Debug|x64.Build.0 = debug|x64
		{243589CF-F1AA-32E9-A408-F9A0B1E0ABA0}.Release|Win32.ActiveCfg = release|x64
		{243589CF-F1AA-32E9-A408-F9A0B1E0ABA0}.Release|Win32.Build.0 = release|x64
		{243589CF-F1AA-32E9-A408-F9A0B1E0ABA0}.Release|x64.ActiveCfg = release|x64
		{243589CF-F1AA-32E9-A408-F9A0B1E0ABA0}.Release|x64.Build.0 = release|x64
		{8AE731D7-FC11-30FF-BBA5-1EDFF4AD6A48}.Debug|Win32.ActiveCfg = debug|x64
		{8AE731D7-FC11-30FF-BBA5-1EDFF4AD6A48}.Debug|Win32.Build.0 = debug|x64
		{8AE731D7-FC11-30FF-BBA5-1EDFF4AD6A48}.Debug|x64.ActiveCfg = debug|x64
		{8AE731D7-FC11-30FF-BBA5-1EDFF4AD6A48}.Debug|x64.Build.0 = debug|x64
		{8AE731D7-FC11-30FF-BBA5-1EDFF4AD6A48}.Release|Win32.ActiveCfg = release|x64
		{8AE731D7-FC11-30FF-BBA5-1EDFF4AD6A48}.Release|Win32.Build.0 = release|x64
		{8AE731D7-FC11-30FF-BBA5-1EDFF4AD6A48}.Release|x64.ActiveCfg = release|x64
		{8AE731D7-FC11-30FF-BBA5-1EDFF4AD6A48}.Release|x64.Build.0 = release|x64
		{1328B062-17EF-38B7-BB28-096A4B316E38}.Debug|Win32.ActiveCfg = debug|x64
		{1328B062-17EF-38B7-BB28-096A4B316E38}.Debug|Win32.Build.0 = debug|x64
		{1328B062-17EF-38B7-BB28-096A4B316E38}.Debug|x64.ActiveCfg = debug|x64
		{1328B062-17EF-38B7-BB28-096A4B316E38}.Debug|x64.Build.0 = debug|x64
		{1328B062-17EF-38B7-BB28-096A4B316E38}.Release|Win32.ActiveCfg = release|x64
		{1328B062-17EF-38B7-BB28-096A4B316E38}.Release|Win32.Build.0 = release|x64
		{1328B062-17EF-38B7-BB28-096A4B316E38}.Release|x64.ActiveCfg = release|x64
		{1328B062-17EF-38B7-BB28-096A4B316E38}.Release|x64.Build.0 = release|x64
		{DC13EBB5-0806-39E7-8226-4FCE33585336}.Debug|Win32.ActiveCfg = debug|x64
		{DC13EBB5-0806-39E7-8226-4FCE33585336}.Debug|Win32.Build.0 = debug|x64
		{DC13EBB5-0806-39E7-8226-4FCE33585336}.Debug|x64.ActiveCfg = debug|x64
		{DC13EBB5-0806-39E7-8226-4FCE33585336}.Debug|x64.Build.0 = debug|x64
		{DC13EBB5-0806-39E7-8226-4FCE33585336}.Release|Win32.ActiveCfg = release|x64
		{DC13EBB5-0806-39E7-8226-4FCE33585336}.Release|Win32.Build.0 = release|x64
		{DC13EBB5-0806-39E7-8226-4FCE33585336}.Release|x64.ActiveCfg = release|x64
		{DC13EBB5-0806-39E7-8226-4FCE33585336}.Release|x64.Build.0 = release|x64
		{980F7501-E9E2-37F3-8620-6C6756C04EC2}.Debug|Win32.ActiveCfg = debug|x64
		{980F7501-E9E2-37F3-8620-6C6756C04EC2}.Debug|Win32.Build.0 = debug|x64
		{980F7501-E9E2-37F3-8620-6C6756C04EC2}.Debug|x64.ActiveCfg = debug|x64
		{980F7501-E9E2-37F3-8620-6C6756C04EC2}.Debug|x64.Build.0 = debug|x64
		{980F7501-E9E2-37F3-8620-6C6756C04EC2}.Release|Win32.ActiveCfg = release|x64
		{980F7501-E9E2-37F3-8620-6C6756C04EC2}.Release|Win32.Build.0 = release|x64
		{980F7501-E9E2-37F3-8620-6C6756C04EC2}.Release|x64.ActiveCfg = release|x64
		{980F7501-E9E2-37F3-8620-6C6756C04EC2}.Release|x64.Build.0 = release|x64
		{A2838565-83B4-37BA-87F4-F6D748F55C47}.Debug|Win32.ActiveCfg = debug|x64
		{A2838565-83B4-37BA-87F4-F6D748F55C47}.Debug|Win32.Build.0 = debug|x64
		{A2838565-83B4-37BA-87F4-F6D748F55C47}.Debug|x64.ActiveCfg = debug|x64
		{A2838565-83B4-37BA-87F4-F6D748F55C47}.Debug|x64.Build.0 = debug|x64
		{A2838565-83B4-37BA-87F4-F6D748F55C47}.Release|Win32.ActiveCfg = release|x64
		{A2838565-83B4-37BA-87F4-F6D748F55C47}.Release|Win32.Build.0 = release|x64
		{A2838565-83B4-37BA-87F4-F6D748F55C47}.Release|x64.ActiveCfg = release|x64
		{A2838565-83B4-37BA-87F4-F6D748F55C47}.Release|x64.Build.0 = release|x64
		{2B7528E9-F7D6-368C-94BD-86A7EFB4A02B}.Debug|Win32.ActiveCfg = debug|x64
		{2B7528E9-F7D6-368C-94BD-86A7EFB4A02B}.Debug|Win32.Build.0 = debug|x64
		{2B7528E9-F7D6-368C-94BD-86A7EFB4A02B}.Debug|x64.ActiveCfg = debug|x64
		{2B7528E9-F7D6-368C-94BD-86A7EFB4A02B}.Debug|x64.Build.0 = debug|x64
		{2B7528E9-F7D6-368C-94BD-86A7EFB4A02B}.Release|Win32.ActiveCfg = release|x64
		{2B7528E9-F7D6-368C-94BD-86A7EFB4A02B}.Release|Win32.Build.0 = release|x64
		{2B7528E9-F7D6-368C-94BD-86A7EFB4A02B}.Release|x64.ActiveCfg = release|x64
		{2B7528E9-F7D6-368C-94BD-86A7EFB4A02B}.Release|x64.Build.0 = release|x64
	EndGlobalSection
	GlobalSection(SolutionProperties) = preSolution
		HideSolutionNode = FALSE
	EndGlobalSection
	GlobalSection(NestedProjects) = preSolution
		{24A77E02-4737-4466-818C-2975F363AFA2} = {1B307BF3-A316-4EE9-A43C-2E20CFD84666}
		{2C254BD5-9150-49B8-9E14-9DD5A85B802C} = {1B307BF3-A316-4EE9-A43C-2E20CFD84666}
		{09EB3EE3-71F8-37B5-AB62-7323E5EC632E} = {9FC8F420-3CD9-4183-8516-AEC39C582965}
		{2FC39519-C2EA-3654-A0FD-0BF2B754F7D6} = {8653D7E3-C37C-4BBF-8C72-65A47F70123D}
		{2B2D5D6B-04CC-3CBC-81E5-8A6C4AFEE6F2} = {8653D7E3-C37C-4BBF-8C72-65A47F70123D}
		{1CDD1D11-611D-3541-86AC-EF8425A948A0} = {8653D7E3-C37C-4BBF-8C72-65A47F70123D}
		{AB11E7DE-2C39-3C45-A446-45BAAF1AE305} = {8653D7E3-C37C-4BBF-8C72-65A47F70123D}
		{8FE37F14-4D60-3009-8083-9871107A4EDF} = {8653D7E3-C37C-4BBF-8C72-65A47F70123D}
		{FC2B9505-CDC1-3A71-955C-3B4E391FDCD7} = {8653D7E3-C37C-4BBF-8C72-65A47F70123D}
		{CF03E7B6-A344-3E7C-8664-5EA249D894CF} = {8653D7E3-C37C-4BBF-8C72-65A47F70123D}
		{C03F0F3A-9D07-30F7-98F1-7E98392980FD} = {8653D7E3-C37C-4BBF-8C72-65A47F70123D}
		{243589CF-F1AA-32E9-A408-F9A0B1E0ABA0} = {8653D7E3-C37C-4BBF-8C72-65A47F70123D}
		{8AE731D7-FC11-30FF-BBA5-1EDFF4AD6A48} = {8653D7E3-C37C-4BBF-8C72-65A47F70123D}
		{1328B062-17EF-38B7-BB28-096A4B316E38} = {8653D7E3-C37C-4BBF-8C72-65A47F70123D}
		{DC13EBB5-0806-39E7-8226-4FCE33585336} = {8653D7E3-C37C-4BBF-8C72-65A47F70123D}
		{980F7501-E9E2-37F3-8620-6C6756C04EC2} = {8653D7E3-C37C-4BBF-8C72-65A47F70123D}
		{8653D7E3-C37C-4BBF-8C72-65A47F70123D} = {0631BFCD-07A9-4F71-8A6A-91C88DAA6544}
		{9FC8F420-3CD9-4183-8516-AEC39C582965} = {0631BFCD-07A9-4F71-8A6A-91C88DAA6544}
		{A2838565-83B4-37BA-87F4-F6D748F55C47} = {8653D7E3-C37C-4BBF-8C72-65A47F70123D}
		{2B7528E9-F7D6-368C-94BD-86A7EFB4A02B} = {8653D7E3-C37C-4BBF-8C72-65A47F70123D}
	EndGlobalSection
	GlobalSection(ExtensibilityGlobals) = postSolution
		SolutionGuid = {7483E021-7147-45ED-920B-AFFB62E45D3C}
	EndGlobalSection
EndGlobal
